---
lockfileVersion: '9.0'

importers:

  .:
    configDependencies: {}
    packageManagerDependencies:
      '@pnpm/exe':
        specifier: ^11.2.2
        version: 11.2.2
      pnpm:
        specifier: ^11.2.2
        version: 11.2.2

packages:

  '@pnpm/exe@11.2.2':
    resolution: {integrity: sha512-9AGho6f10GYF/XHvnpO6wnzDIAiHNSs2PyOTelrNNyUiHwfTVtnJoXwRz/6yPJAYOF3erhPauv5oxf62uh581w==}
    hasBin: true

  '@pnpm/linux-arm64@11.2.2':
    resolution: {integrity: sha512-cMEqyEwpghHb1UggKuowTuGKvbWe1Ra6bK3SF9CWoIrz36mzQz3FXxYXx1Theo8lmkwWH2MZdUGHKgtUoqEGKg==}
    cpu: [arm64]
    os: [linux]

  '@pnpm/linux-x64@11.2.2':
    resolution: {integrity: sha512-AShxDdan9wfAFbIGAO5YnbGRf3zuETOZVMuWqmx4mJLaAOR3kiA3Rwhzj3jyTsAoodn7Xdaxq9G1M3FpB92mkQ==}
    cpu: [x64]
    os: [linux]

  '@pnpm/linuxstatic-arm64@11.2.2':
    resolution: {integrity: sha512-m7BCdqFdMFo3fkiOpcOLa70c3Ppy5OKv78HXSIfzL4ajHBdPQfmv03VgC3U08l1ST/EeQFuSt+Za0azmOJyYqA==}
    cpu: [arm64]
    os: [linux]
    libc: [musl]

  '@pnpm/linuxstatic-x64@11.2.2':
    resolution: {integrity: sha512-UABTQUhdn6eCx/IlGVrdwklKT00pTHrjLNXdviP4OReJa1trM5HDWcDnreIg89ghCFmee+UTBKDx1FYlLON8EQ==}
    cpu: [x64]
    os: [linux]
    libc: [musl]

  '@pnpm/macos-arm64@11.2.2':
    resolution: {integrity: sha512-EakwHSWIxzza6fO6zQkmkUphoadjer9VXCsWRax1D4qNWmChKfn2muYFj6BOChS999lwb4fb42gc61Nbx0X6iw==}
    cpu: [arm64]
    os: [darwin]

  '@pnpm/win-arm64@11.2.2':
    resolution: {integrity: sha512-eXzlXAnwRAI9Uff1U2pfTJxC78vL8aGxU/fsUt/RzWjS09xMQZ2qtAunKg869fAi6xfsquDbogkdTZA3163lIw==}
    cpu: [arm64]
    os: [win32]

  '@pnpm/win-x64@11.2.2':
    resolution: {integrity: sha512-X74bQ4bvjSCYapcupRsGrse8cAg7XhPKXRn1o1qOouux1nJquz9lh2h5uKz8GPx816OUsYo9FS8DV3N9W+L8QA==}
    cpu: [x64]
    os: [win32]

  '@reflink/reflink-darwin-arm64@0.1.19':
    resolution: {integrity: sha512-ruy44Lpepdk1FqDz38vExBY/PVUsjxZA+chd9wozjUH9JjuDT/HEaQYA6wYN9mf041l0yLVar6BCZuWABJvHSA==}
    engines: {node: '>= 10'}
    cpu: [arm64]
    os: [darwin]

  '@reflink/reflink-darwin-x64@0.1.19':
    resolution: {integrity: sha512-By85MSWrMZa+c26TcnAy8SDk0sTUkYlNnwknSchkhHpGXOtjNDUOxJE9oByBnGbeuIE1PiQsxDG3Ud+IVV9yuA==}
    engines: {node: '>= 10'}
    cpu: [x64]
    os: [darwin]

  '@reflink/reflink-linux-arm64-gnu@0.1.19':
    resolution: {integrity: sha512-7P+er8+rP9iNeN+bfmccM4hTAaLP6PQJPKWSA4iSk2bNvo6KU6RyPgYeHxXmzNKzPVRcypZQTpFgstHam6maVg==}
    engines: {node: '>= 10'}
    cpu: [arm64]
    os: [linux]
    libc: [glibc]

  '@reflink/reflink-linux-arm64-musl@0.1.19':
    resolution: {integrity: sha512-37iO/Dp6m5DDaC2sf3zPtx/hl9FV3Xze4xoYidrxxS9bgP3S8ALroxRK6xBG/1TtfXKTvolvp+IjrUU6ujIGmA==}
    engines: {node: '>= 10'}
    cpu: [arm64]
    os: [linux]
    libc: [musl]

  '@reflink/reflink-linux-x64-gnu@0.1.19':
    resolution: {integrity: sha512-jbI8jvuYCaA3MVUdu8vLoLAFqC+iNMpiSuLbxlAgg7x3K5bsS8nOpTRnkLF7vISJ+rVR8W+7ThXlXlUQ93ulkw==}
    engines: {node: '>= 10'}
    cpu: [x64]
    os: [linux]
    libc: [glibc]

  '@reflink/reflink-linux-x64-musl@0.1.19':
    resolution: {integrity: sha512-e9FBWDe+lv7QKAwtKOt6A2W/fyy/aEEfr0g6j/hWzvQcrzHCsz07BNQYlNOjTfeytrtLU7k449H1PI95jA4OjQ==}
    engines: {node: '>= 10'}
    cpu: [x64]
    os: [linux]
    libc: [musl]

  '@reflink/reflink-win32-arm64-msvc@0.1.19':
    resolution: {integrity: sha512-09PxnVIQcd+UOn4WAW73WU6PXL7DwGS6wPlkMhMg2zlHHG65F3vHepOw06HFCq+N42qkaNAc8AKIabWvtk6cIQ==}
    engines: {node: '>= 10'}
    cpu: [arm64]
    os: [win32]

  '@reflink/reflink-win32-x64-msvc@0.1.19':
    resolution: {integrity: sha512-E//yT4ni2SyhwP8JRjVGWr3cbnhWDiPLgnQ66qqaanjjnMiu3O/2tjCPQXlcGc/DEYofpDc9fvhv6tALQsMV9w==}
    engines: {node: '>= 10'}
    cpu: [x64]
    os: [win32]

  '@reflink/reflink@0.1.19':
    resolution: {integrity: sha512-DmCG8GzysnCZ15bres3N5AHCmwBwYgp0As6xjhQ47rAUTUXxJiK+lLUxaGsX3hd/30qUpVElh05PbGuxRPgJwA==}
    engines: {node: '>= 10'}

  detect-libc@2.1.2:
    resolution: {integrity: sha512-Btj2BOOO83o3WyH59e8MgXsxEQVcarkUOpEYrubB0urwnN10yQ364rsiByU11nZlqWYZm05i/of7io4mzihBtQ==}
    engines: {node: '>=8'}

  pnpm@11.2.2:
    resolution: {integrity: sha512-NuZiH61QYXiTZFXnAke4gI707CV5ep9DepMoGgIEhOJgf2pGmiLpgph8PbuIZuMHFRSrEKShdJ4G7c0ewRhDbw==}
    engines: {node: '>=22.13'}
    hasBin: true

snapshots:

  '@pnpm/exe@11.2.2':
    dependencies:
      '@reflink/reflink': 0.1.19
      detect-libc: 2.1.2
    optionalDependencies:
      '@pnpm/linux-arm64': 11.2.2
      '@pnpm/linux-x64': 11.2.2
      '@pnpm/linuxstatic-arm64': 11.2.2
      '@pnpm/linuxstatic-x64': 11.2.2
      '@pnpm/macos-arm64': 11.2.2
      '@pnpm/win-arm64': 11.2.2
      '@pnpm/win-x64': 11.2.2

  '@pnpm/linux-arm64@11.2.2':
    optional: true

  '@pnpm/linux-x64@11.2.2':
    optional: true

  '@pnpm/linuxstatic-arm64@11.2.2':
    optional: true

  '@pnpm/linuxstatic-x64@11.2.2':
    optional: true

  '@pnpm/macos-arm64@11.2.2':
    optional: true

  '@pnpm/win-arm64@11.2.2':
    optional: true

  '@pnpm/win-x64@11.2.2':
    optional: true

  '@reflink/reflink-darwin-arm64@0.1.19':
    optional: true

  '@reflink/reflink-darwin-x64@0.1.19':
    optional: true

  '@reflink/reflink-linux-arm64-gnu@0.1.19':
    optional: true

  '@reflink/reflink-linux-arm64-musl@0.1.19':
    optional: true

  '@reflink/reflink-linux-x64-gnu@0.1.19':
    optional: true

  '@reflink/reflink-linux-x64-musl@0.1.19':
    optional: true

  '@reflink/reflink-win32-arm64-msvc@0.1.19':
    optional: true

  '@reflink/reflink-win32-x64-msvc@0.1.19':
    optional: true

  '@reflink/reflink@0.1.19':
    optionalDependencies:
      '@reflink/reflink-darwin-arm64': 0.1.19
      '@reflink/reflink-darwin-x64': 0.1.19
      '@reflink/reflink-linux-arm64-gnu': 0.1.19
      '@reflink/reflink-linux-arm64-musl': 0.1.19
      '@reflink/reflink-linux-x64-gnu': 0.1.19
      '@reflink/reflink-linux-x64-musl': 0.1.19
      '@reflink/reflink-win32-arm64-msvc': 0.1.19
      '@reflink/reflink-win32-x64-msvc': 0.1.19

  detect-libc@2.1.2: {}

  pnpm@11.2.2: {}

---
lockfileVersion: '9.0'

settings:
  autoInstallPeers: true
  excludeLinksFromLockfile: false

importers:

  .:
    devDependencies:
      oxfmt:
        specifier: ^0.51.0
        version: 0.51.0
      oxlint:
        specifier: ^1.66.0
        version: 1.66.0
      turbo:
        specifier: ^2.9.14
        version: 2.9.14
      typescript:
        specifier: ^6.0.3
        version: 6.0.3

packages:

  '@oxfmt/binding-android-arm-eabi@0.51.0':
    resolution: {integrity: sha512-Ni0sCqg5CIHaLIYFGj+ncbcumylvNC6FE4rfD0KfdmnWHbPJ+zev0qZCXKxy2hFVa0fYRK0yPzf5nzPbkZou7g==}
    engines: {node: ^20.19.0 || >=22.12.0}
    cpu: [arm]
    os: [android]

  '@oxfmt/binding-android-arm64@0.51.0':
    resolution: {integrity: sha512-eu5lAZjuo0KAkp+M24EhDqfOwA8owQ8d7wyBlOUUGRbDLHpU3IRlDHp8Dif+YqGlxs6jra7yS6WQu/NkPhAxeg==}
    engines: {node: ^20.19.0 || >=22.12.0}
    cpu: [arm64]
    os: [android]

  '@oxfmt/binding-darwin-arm64@0.51.0':
    resolution: {integrity: sha512-6LsUNIdURhhcIfIn8+xsOb61mSTa9msAHTeSGx9Jf4rsP/gN8PGCF+SKWPAQZbND2w/WBkqQ6303jqEEIXzMdQ==}
    engines: {node: ^20.19.0 || >=22.12.0}
    cpu: [arm64]
    os: [darwin]

  '@oxfmt/binding-darwin-x64@0.51.0':
    resolution: {integrity: sha512-9aUMGmVxdHjYMsEAW1tNRoieTJXlVNDFkRvIR1J7LttJXWjVYCu2ekclLij2KJtxBxSQOYSHd12ME/adVGVbZg==}
    engines: {node: ^20.19.0 || >=22.12.0}
    cpu: [x64]
    os: [darwin]

  '@oxfmt/binding-freebsd-x64@0.51.0':
    resolution: {integrity: sha512-mkY1nhZTqYb+NHaAWxOCKISN6FwdrwMNsu17vTUA3wzUV2VJ+Paq15ZokRcsMU/2PUdHO73prxyeJpjXQ3MPpQ==}
    engines: {node: ^20.19.0 || >=22.12.0}
    cpu: [x64]
    os: [freebsd]

  '@oxfmt/binding-linux-arm-gnueabihf@0.51.0':
    resolution: {integrity: sha512-wtFwNwE4+YCNuPaWoGDZeGsKvD6D1YSUNBJNn/rJBh7CrDBThFE+TBI5kY7vRW9rIOQRsbW2IpyyL3Du4Zqwiw==}
    engines: {node: ^20.19.0 || >=22.12.0}
    cpu: [arm]
    os: [linux]

  '@oxfmt/binding-linux-arm-musleabihf@0.51.0':
    resolution: {integrity: sha512-rnOaNx86G7iRKM6lsCIQMux0SMGNC/TEbFR+r7lpruJ12bnrIWgxd5w1PLqOvgR9r8ZJbpK/zfRKctJnh8/Jfg==}
    engines: {node: ^20.19.0 || >=22.12.0}
    cpu: [arm]
    os: [linux]

  '@oxfmt/binding-linux-arm64-gnu@0.51.0':
    resolution: {integrity: sha512-jOgDzSqWcICGRjsp4mc08FxKMN8vzP2Kgs4E0d2HUP99F+nJDQKklRV4Zuj+0gcBgjrzx2CbpqaIdUVPepCojA==}
    engines: {node: ^20.19.0 || >=22.12.0}
    cpu: [arm64]
    os: [linux]
    libc: [glibc]

  '@oxfmt/binding-linux-arm64-musl@0.51.0':
    resolution: {integrity: sha512-KBUCdrH5bwVrAvI9gU/1S55oH6fzXjr++J/oVocdu7bYTks1l7DNNT+rLd/1TDdAEjObGwmfWamn7LC1m8A0DQ==}
    engines: {node: ^20.19.0 || >=22.12.0}
    cpu: [arm64]
    os: [linux]
    libc: [musl]

  '@oxfmt/binding-linux-ppc64-gnu@0.51.0':
    resolution: {integrity: sha512-NapfjYsABFqTJ1Dn9Efq6sN5esaHconVKwVLbDGNQLrwpOx/g17mkwErHzU72PutL67nf3wNAkbq122H+zLxag==}
    engines: {node: ^20.19.0 || >=22.12.0}
    cpu: [ppc64]
    os: [linux]
    libc: [glibc]

  '@oxfmt/binding-linux-riscv64-gnu@0.51.0':
    resolution: {integrity: sha512-5dlDt1dUZCVi6elIhiK1PWg9wpTzTcIuj0IZnSurvIoMrhOWqqTcc1dSTxcSkNaBZhfsNqRZdINI1zAgbKkJNQ==}
    engines: {node: ^20.19.0 || >=22.12.0}
    cpu: [riscv64]
    os: [linux]
    libc: [glibc]

  '@oxfmt/binding-linux-riscv64-musl@0.51.0':
    resolution: {integrity: sha512-pgdWUJn0S5nulyiVdlFV8DzCUnGXkU99W5PSkkmbaZW+LrZBPxpezun4G0DDHbQaVYuJeCuKsXsGKGo77CkUTQ==}
    engines: {node: ^20.19.0 || >=22.12.0}
    cpu: [riscv64]
    os: [linux]
    libc: [musl]

  '@oxfmt/binding-linux-s390x-gnu@0.51.0':
    resolution: {integrity: sha512-2XTFUe97CbDGAI8vjwDfZ1HdakO0XIADyJ24idEg64SC4/K4in/OisXVnrW4NMK7I6TgC7EqRhC0Ln/nKhAemA==}
    engines: {node: ^20.19.0 || >=22.12.0}
    cpu: [s390x]
    os: [linux]
    libc: [glibc]

  '@oxfmt/binding-linux-x64-gnu@0.51.0':
    resolution: {integrity: sha512-kQ1OuCqqt/yyf0ZN9VFxW1/JnlgJgii3Dr7pWf9vNBvrX1hv6g39/+mc5oGRHRGJFZtl3zsGDWR9c5N2B/gwBw==}
    engines: {node: ^20.19.0 || >=22.12.0}
    cpu: [x64]
    os: [linux]
    libc: [glibc]

  '@oxfmt/binding-linux-x64-musl@0.51.0':
    resolution: {integrity: sha512-ARTYqxHF475o96Gbn41hvSWSSRygPlRDXZZgZ9I2scU1y0qiWpCQyZCoefaQa0mwv+wwtZ+luS4YOzsRzM/izg==}
    engines: {node: ^20.19.0 || >=22.12.0}
    cpu: [x64]
    os: [linux]
    libc: [musl]

  '@oxfmt/binding-openharmony-arm64@0.51.0':
    resolution: {integrity: sha512-QiC1XrCl6a6BmqMzduO8hdIRMf1m44hCkt2Q68KWkTvUB/E7fd2iomyNh6KnnRca5w6eBrRAAtLFqTh+xjsjJA==}
    engines: {node: ^20.19.0 || >=22.12.0}
    cpu: [arm64]
    os: [openharmony]

  '@oxfmt/binding-win32-arm64-msvc@0.51.0':
    resolution: {integrity: sha512-NC/hJb9dtU23Zf8L7IVK95xnFjiQ7AfcLO2l5pb69TDEr958qxrtnB2CveeeNSCBFNIkgaTCfd/vHNSoG78l9g==}
    engines: {node: ^20.19.0 || >=22.12.0}
    cpu: [arm64]
    os: [win32]

  '@oxfmt/binding-win32-ia32-msvc@0.51.0':
    resolution: {integrity: sha512-2C45za4Rj36n8YIbhRL1PQbxmXJYf81WEcAgvj5I4ptRROG+A+81hREEN5bmCHADE1UfYaN312U6tkILoZZy6w==}
    engines: {node: ^20.19.0 || >=22.12.0}
    cpu: [ia32]
    os: [win32]

  '@oxfmt/binding-win32-x64-msvc@0.51.0':
    resolution: {integrity: sha512-73RqdAuVKQTkjZIDw08JaDHUM4lav5Qu+CaPwg4QbbA7k8o7LEW0p3UsfZ/F8dsO/pwVYh3RzFcanwLRTTahbQ==}
    engines: {node: ^20.19.0 || >=22.12.0}
    cpu: [x64]
    os: [win32]

  '@oxlint/binding-android-arm-eabi@1.66.0':
    resolution: {integrity: sha512-f7kq8N51T4phpzqfBpA2qaVTI/KrkCmNwaj3t/97I/WLTDI+UhlP5GL9eER+zVxBhtlx5rKXWByJU1/zDAvyaw==}
    engines: {node: ^20.19.0 || >=22.12.0}
    cpu: [arm]
    os: [android]

  '@oxlint/binding-android-arm64@1.66.0':
    resolution: {integrity: sha512-xu6QO71tdDS9mjmLZ3AqhtaVHBvdmsOKkYnReNNDgh+XiwnsipeQOIxbiYOOO0iAXycJ+GK0wdMSZP/2j/AmSg==}
    engines: {node: ^20.19.0 || >=22.12.0}
    cpu: [arm64]
    os: [android]

  '@oxlint/binding-darwin-arm64@1.66.0':
    resolution: {integrity: sha512-HZ24VimSOC7mxuEA99e0H2FS0C1yO3+iW13jPRAk+e2njsUs3QeAXsafCDyaIrV/MirdOVez+etQNQsJE43zNQ==}
    engines: {node: ^20.19.0 || >=22.12.0}
    cpu: [arm64]
    os: [darwin]

  '@oxlint/binding-darwin-x64@1.66.0':
    resolution: {integrity: sha512-awhj8ZvJrrRSnXj7V++rpZvTmnl99L6mi0B7gg7Cp7BN6cKpzuI481bHNLvXGA9GB1/oEgA3ponuyoAc6Md12A==}
    engines: {node: ^20.19.0 || >=22.12.0}
    cpu: [x64]
    os: [darwin]

  '@oxlint/binding-freebsd-x64@1.66.0':
    resolution: {integrity: sha512-KQF0oVV21/FjIqkRuL8Q1vh8ECsE5+ocdH5tcqTQ4ZnYuDVoYibQUNfqBjQaUsP6UIIda5Y75Wpm5p4RgQWiWw==}
    engines: {node: ^20.19.0 || >=22.12.0}
    cpu: [x64]
    os: [freebsd]

  '@oxlint/binding-linux-arm-gnueabihf@1.66.0':
    resolution: {integrity: sha512-9u1rgwZSEXWb30vbFZzQ78HVXBo0WCKNwJ3a2InRUTNMRng+PUDIoSFmA+m4HdUfBaIqftShq8J8qHc+eE/Vig==}
    engines: {node: ^20.19.0 || >=22.12.0}
    cpu: [arm]
    os: [linux]

  '@oxlint/binding-linux-arm-musleabihf@1.66.0':
    resolution: {integrity: sha512-Ynot2HR1bHxUaNWoC280MVTDfZuaWuP3XfSMRDhyuZrVjhzoaBCVFlw8h8qeZjWKVUBhPWFIxB7AQTlK8Z2WWg==}
    engines: {node: ^20.19.0 || >=22.12.0}
    cpu: [arm]
    os: [linux]

  '@oxlint/binding-linux-arm64-gnu@1.66.0':
    resolution: {integrity: sha512-xCbgzciGgo+A4aQZEknsNrNiIwY7sU5SfRuMmRjPIvZAgdF34cIHiKvwOsS5XRLjlTVSFwitmq6YclTtHTfU+g==}
    engines: {node: ^20.19.0 || >=22.12.0}
    cpu: [arm64]
    os: [linux]
    libc: [glibc]

  '@oxlint/binding-linux-arm64-musl@1.66.0':
    resolution: {integrity: sha512-hmo+ZB/lHkR1HdDmnziNpzSLmulnUSu10VEqX2Yex7OwvoBAbjJQLvy4gIBRV3AAwWnCvAxKp5Nv1GE6LU1QMg==}
    engines: {node: ^20.19.0 || >=22.12.0}
    cpu: [arm64]
    os: [linux]
    libc: [musl]

  '@oxlint/binding-linux-ppc64-gnu@1.66.0':
    resolution: {integrity: sha512-2Invd4Uyy81mVooQC5FBtfxSNrvcX1OxbMlVQ6M2erRrNI2awFYF26YNW2yFxdVFZ4ffNOWKghtMjhnUPsXsVA==}
    engines: {node: ^20.19.0 || >=22.12.0}
    cpu: [ppc64]
    os: [linux]
    libc: [glibc]

  '@oxlint/binding-linux-riscv64-gnu@1.66.0':
    resolution: {integrity: sha512-s0iXPDQVdgayE3RGa/N2DZF7tjgg0TwEtD1sGoDxqPDGrIXgo45H0yHknT0f9A0yteASsweYZtDyTuVlM4aSag==}
    engines: {node: ^20.19.0 || >=22.12.0}
    cpu: [riscv64]
    os: [linux]
    libc: [glibc]

  '@oxlint/binding-linux-riscv64-musl@1.66.0':
    resolution: {integrity: sha512-OekL4XFiu7RPK0JIZi8VeHgtIXPREf42t8Cy/rKEsC+P3gcqDgNAAGiyuUOpdbG4wwbfue1q4CHcCO7spSve6w==}
    engines: {node: ^20.19.0 || >=22.12.0}
    cpu: [riscv64]
    os: [linux]
    libc: [musl]

  '@oxlint/binding-linux-s390x-gnu@1.66.0':
    resolution: {integrity: sha512-Ga1D0kj1SFslm34ThA/BdkUlyAYEnTsXyRC4pF0C5agZSwtGdHYWMTQWemUfBGp4RCG4QWXgdO+HmmmKqOtlBg==}
    engines: {node: ^20.19.0 || >=22.12.0}
    cpu: [s390x]
    os: [linux]
    libc: [glibc]

  '@oxlint/binding-linux-x64-gnu@1.66.0':
    resolution: {integrity: sha512-p5jfP1wUZe/IC3qpQO84n9DRnf9g3lKRtLBlQq23ykyrDglHcVx7sWmVTlPuU6SBw8mNnPzyOn022G3XZHnlww==}
    engines: {node: ^20.19.0 || >=22.12.0}
    cpu: [x64]
    os: [linux]
    libc: [glibc]

  '@oxlint/binding-linux-x64-musl@1.66.0':
    resolution: {integrity: sha512-vUB/sYlYZorDL1ZD+o9mRv7zbsykrrFRtmgS6R8musZqLtrPRQn1gc1eGpuX+sfdccz42STl/AqldY6XRb2upQ==}
    engines: {node: ^20.19.0 || >=22.12.0}
    cpu: [x64]
    os: [linux]
    libc: [musl]

  '@oxlint/binding-openharmony-arm64@1.66.0':
    resolution: {integrity: sha512-yde+6p/F59xRkGR9H1HfngWRif1QRJjynZK349l+UI0H6w9hL3G8/AVaTHFyTtLVQ56qtNbX2/5Dc77n1ovnOg==}
    engines: {node: ^20.19.0 || >=22.12.0}
    cpu: [arm64]
    os: [openharmony]

  '@oxlint/binding-win32-arm64-msvc@1.66.0':
    resolution: {integrity: sha512-O9GLucgoTdmOrbBX+EjzNe7o/Ze5TFOvXcib6bzUOtBOmj6cV+zw18NgB+cGKAkDw1Pdqs8vGkfHbbsLuDtXWg==}
    engines: {node: ^20.19.0 || >=22.12.0}
    cpu: [arm64]
    os: [win32]

  '@oxlint/binding-win32-ia32-msvc@1.66.0':
    resolution: {integrity: sha512-m3Pjwc2MfTcom4E4gOv7DyuGyt7OfGNCbmqDHd+N7EzXmP+ppHuudm2NjcA3AjV5TSeGxaguVF4SbTKHe1USYA==}
    engines: {node: ^20.19.0 || >=22.12.0}
    cpu: [ia32]
    os: [win32]

  '@oxlint/binding-win32-x64-msvc@1.66.0':
    resolution: {integrity: sha512-/DbBvw8UFBhja6PqudUjV4UtfsJr0Oa7jUjWVKB0g86lj/VwnPrkngn0sFql3c9RDA0O16dh7ozsXb6GjNAzBQ==}
    engines: {node: ^20.19.0 || >=22.12.0}
    cpu: [x64]
    os: [win32]

  '@turbo/darwin-64@2.9.14':
    resolution: {integrity: sha512-t7QiPflaEyBE4oayeZtSmu4mEfjgIrcNlNNl1z1dmIVPqEdtA7+CfTf8d7KXsOGPh6aNgWjKxyvQg9uGfDQF+A==}
    cpu: [x64]
    os: [darwin]

  '@turbo/darwin-arm64@2.9.14':
    resolution: {integrity: sha512-d23147mC9BsCPA9mJ0h/ubcpbRgcJBXbcG3+Vq7YLhjz3IXuvQsJ1UXH8f4MD76ZjJ4m/E4aRdJV+MW88CDfbw==}
    cpu: [arm64]
    os: [darwin]

  '@turbo/linux-64@2.9.14':
    resolution: {integrity: sha512-P3ZKB5tuUDdDQWuAsACGUR1qv9W7BNWxdxqVJ0kZNuNNPRaVYTPPikLcp79+GiEcW3npsR+KyP38lnQiBc5aSA==}
    cpu: [x64]
    os: [linux]

  '@turbo/linux-arm64@2.9.14':
    resolution: {integrity: sha512-ZRTlzcUMrrPv9ZuDzRF9n60Ym13bKeG9jDB8WjxyLhWNzV+AJQN+zdpIk3NJYf2zQsGUm1mNar2P0elRzLw25g==}
    cpu: [arm64]
    os: [linux]

  '@turbo/windows-64@2.9.14':
    resolution: {integrity: sha512-exanwN6sIduZwykYeiTQj8kCmOhazP5WOz3bvXMcYtjhL6Z3iRWLewKrXCBq0bqwSP3iBMb/AerRCnHI4lx46A==}
    cpu: [x64]
    os: [win32]

  '@turbo/windows-arm64@2.9.14':
    resolution: {integrity: sha512-fVdCsnmYoKICsycbWuuGp6Jvi51/3G/UluFWuAUCvR8PIW5IJkAk5BM9UF8PSm0Q2IphWHFZjYEgjHsh3B9y/g==}
    cpu: [arm64]
    os: [win32]

  oxfmt@0.51.0:
    resolution: {integrity: sha512-l/AoAnaEOV7Q5/Z9kHOMDehVJnCgYN7wRoooWCTUMBMi16BJhLZqd9cmCnwcVFfVlzkt53zK2KLPFNp8vSsoDg==}
    engines: {node: ^20.19.0 || >=22.12.0}
    hasBin: true
    peerDependencies:
      svelte: ^5.0.0
    peerDependenciesMeta:
      svelte:
        optional: true

  oxlint@1.66.0:
    resolution: {integrity: sha512-N4LLxYLd94KEBqXDMDM5f+2PUpItTjDLreXe2Gn5KhjhCK4Qp2YUXaBi8Yu325ryOgKwt22m45fpD7nPOn69Yw==}
    engines: {node: ^20.19.0 || >=22.12.0}
    hasBin: true
    peerDependencies:
      oxlint-tsgolint: '>=0.22.1'
    peerDependenciesMeta:
      oxlint-tsgolint:
        optional: true

  tinypool@2.1.0:
    resolution: {integrity: sha512-Pugqs6M0m7Lv1I7FtxN4aoyToKg1C4tu+/381vH35y8oENM/Ai7f7C4StcoK4/+BSw9ebcS8jRiVrORFKCALLw==}
    engines: {node: ^20.0.0 || >=22.0.0}

  turbo@2.9.14:
    resolution: {integrity: sha512-BQqXRr4UoWI3UPFrtznCLykYHxwxWh53iCB57x092jPMjIlW1wnm3N895g5irpiXmnxUhREBB0n6+y8BHhs4nw==}
    hasBin: true

  typescript@6.0.3:
    resolution: {integrity: sha512-y2TvuxSZPDyQakkFRPZHKFm+KKVqIisdg9/CZwm9ftvKXLP8NRWj38/ODjNbr43SsoXqNuAisEf1GdCxqWcdBw==}
    engines: {node: '>=14.17'}
    hasBin: true

snapshots:

  '@oxfmt/binding-android-arm-eabi@0.51.0':
    optional: true

  '@oxfmt/binding-android-arm64@0.51.0':
    optional: true

  '@oxfmt/binding-darwin-arm64@0.51.0':
    optional: true

  '@oxfmt/binding-darwin-x64@0.51.0':
    optional: true

  '@oxfmt/binding-freebsd-x64@0.51.0':
    optional: true

  '@oxfmt/binding-linux-arm-gnueabihf@0.51.0':
    optional: true

  '@oxfmt/binding-linux-arm-musleabihf@0.51.0':
    optional: true

  '@oxfmt/binding-linux-arm64-gnu@0.51.0':
    optional: true

  '@oxfmt/binding-linux-arm64-musl@0.51.0':
    optional: true

  '@oxfmt/binding-linux-ppc64-gnu@0.51.0':
    optional: true

  '@oxfmt/binding-linux-riscv64-gnu@0.51.0':
    optional: true

  '@oxfmt/binding-linux-riscv64-musl@0.51.0':
    optional: true

  '@oxfmt/binding-linux-s390x-gnu@0.51.0':
    optional: true

  '@oxfmt/binding-linux-x64-gnu@0.51.0':
    optional: true

  '@oxfmt/binding-linux-x64-musl@0.51.0':
    optional: true

  '@oxfmt/binding-openharmony-arm64@0.51.0':
    optional: true

  '@oxfmt/binding-win32-arm64-msvc@0.51.0':
    optional: true

  '@oxfmt/binding-win32-ia32-msvc@0.51.0':
    optional: true

  '@oxfmt/binding-win32-x64-msvc@0.51.0':
    optional: true

  '@oxlint/binding-android-arm-eabi@1.66.0':
    optional: true

  '@oxlint/binding-android-arm64@1.66.0':
    optional: true

  '@oxlint/binding-darwin-arm64@1.66.0':
    optional: true

  '@oxlint/binding-darwin-x64@1.66.0':
    optional: true

  '@oxlint/binding-freebsd-x64@1.66.0':
    optional: true

  '@oxlint/binding-linux-arm-gnueabihf@1.66.0':
    optional: true

  '@oxlint/binding-linux-arm-musleabihf@1.66.0':
    optional: true

  '@oxlint/binding-linux-arm64-gnu@1.66.0':
    optional: true

  '@oxlint/binding-linux-arm64-musl@1.66.0':
    optional: true

  '@oxlint/binding-linux-ppc64-gnu@1.66.0':
    optional: true

  '@oxlint/binding-linux-riscv64-gnu@1.66.0':
    optional: true

  '@oxlint/binding-linux-riscv64-musl@1.66.0':
    optional: true

  '@oxlint/binding-linux-s390x-gnu@1.66.0':
    optional: true

  '@oxlint/binding-linux-x64-gnu@1.66.0':
    optional: true

  '@oxlint/binding-linux-x64-musl@1.66.0':
    optional: true

  '@oxlint/binding-openharmony-arm64@1.66.0':
    optional: true

  '@oxlint/binding-win32-arm64-msvc@1.66.0':
    optional: true

  '@oxlint/binding-win32-ia32-msvc@1.66.0':
    optional: true

  '@oxlint/binding-win32-x64-msvc@1.66.0':
    optional: true

  '@turbo/darwin-64@2.9.14':
    optional: true

  '@turbo/darwin-arm64@2.9.14':
    optional: true

  '@turbo/linux-64@2.9.14':
    optional: true

  '@turbo/linux-arm64@2.9.14':
    optional: true

  '@turbo/windows-64@2.9.14':
    optional: true

  '@turbo/windows-arm64@2.9.14':
    optional: true

  oxfmt@0.51.0:
    dependencies:
      tinypool: 2.1.0
    optionalDependencies:
      '@oxfmt/binding-android-arm-eabi': 0.51.0
      '@oxfmt/binding-android-arm64': 0.51.0
      '@oxfmt/binding-darwin-arm64': 0.51.0
      '@oxfmt/binding-darwin-x64': 0.51.0
      '@oxfmt/binding-freebsd-x64': 0.51.0
      '@oxfmt/binding-linux-arm-gnueabihf': 0.51.0
      '@oxfmt/binding-linux-arm-musleabihf': 0.51.0
      '@oxfmt/binding-linux-arm64-gnu': 0.51.0
      '@oxfmt/binding-linux-arm64-musl': 0.51.0
      '@oxfmt/binding-linux-ppc64-gnu': 0.51.0
      '@oxfmt/binding-linux-riscv64-gnu': 0.51.0
      '@oxfmt/binding-linux-riscv64-musl': 0.51.0
      '@oxfmt/binding-linux-s390x-gnu': 0.51.0
      '@oxfmt/binding-linux-x64-gnu': 0.51.0
      '@oxfmt/binding-linux-x64-musl': 0.51.0
      '@oxfmt/binding-openharmony-arm64': 0.51.0
      '@oxfmt/binding-win32-arm64-msvc': 0.51.0
      '@oxfmt/binding-win32-ia32-msvc': 0.51.0
      '@oxfmt/binding-win32-x64-msvc': 0.51.0

  oxlint@1.66.0:
    optionalDependencies:
      '@oxlint/binding-android-arm-eabi': 1.66.0
      '@oxlint/binding-android-arm64': 1.66.0
      '@oxlint/binding-darwin-arm64': 1.66.0
      '@oxlint/binding-darwin-x64': 1.66.0
      '@oxlint/binding-freebsd-x64': 1.66.0
      '@oxlint/binding-linux-arm-gnueabihf': 1.66.0
      '@oxlint/binding-linux-arm-musleabihf': 1.66.0
      '@oxlint/binding-linux-arm64-gnu': 1.66.0
      '@oxlint/binding-linux-arm64-musl': 1.66.0
      '@oxlint/binding-linux-ppc64-gnu': 1.66.0
      '@oxlint/binding-linux-riscv64-gnu': 1.66.0
      '@oxlint/binding-linux-riscv64-musl': 1.66.0
      '@oxlint/binding-linux-s390x-gnu': 1.66.0
      '@oxlint/binding-linux-x64-gnu': 1.66.0
      '@oxlint/binding-linux-x64-musl': 1.66.0
      '@oxlint/binding-openharmony-arm64': 1.66.0
      '@oxlint/binding-win32-arm64-msvc': 1.66.0
      '@oxlint/binding-win32-ia32-msvc': 1.66.0
      '@oxlint/binding-win32-x64-msvc': 1.66.0

  tinypool@2.1.0: {}

  turbo@2.9.14:
    optionalDependencies:
      '@turbo/darwin-64': 2.9.14
      '@turbo/darwin-arm64': 2.9.14
      '@turbo/linux-64': 2.9.14
      '@turbo/linux-arm64': 2.9.14
      '@turbo/windows-64': 2.9.14
      '@turbo/windows-arm64': 2.9.14

  typescript@6.0.3: {}
